# This file is generated by running "yarn install" inside your project.
# Manual changes might be lost - proceed with caution!

__metadata:
  version: 8
  cacheKey: 10c0

"@aztec/bb.js@npm:0.41.0":
  version: 0.41.0
  resolution: "@aztec/bb.js@npm:0.41.0"
  dependencies:
    comlink: "npm:^4.4.1"
    commander: "npm:^10.0.1"
    debug: "npm:^4.3.4"
    tslib: "npm:^2.4.0"
  bin:
    bb.js: dest/node/main.js
  checksum: 10c0/ed94530dd21f8715f6251758fbdb3840e3a343d82e51bdae9918bfa25a1befc8afc4bd4070334cc084f4bc7934b52880ebb7a7d99cfb8a0eca166831e0c630ac
  languageName: node
  linkType: hard

"@noir-lang/acvm_js@npm:0.47.0":
  version: 0.47.0
  resolution: "@noir-lang/acvm_js@npm:0.47.0"
  checksum: 10c0/7a4b2b9f475788b7937b872e4dbee449d0669509e410fff7f616d1551d741cd16f5fec2f034ec301b05a7a26f13148c8909c905b5e336b1da12714b399a02b30
  languageName: node
  linkType: hard

"@noir-lang/backend_barretenberg@npm:^0.31.0":
  version: 0.31.0
  resolution: "@noir-lang/backend_barretenberg@npm:0.31.0"
  dependencies:
    "@aztec/bb.js": "npm:0.41.0"
    "@noir-lang/types": "npm:0.31.0"
    fflate: "npm:^0.8.0"
  checksum: 10c0/3e52d0a5acfe8bdbd4a28cff8100f6655f93582ae8e2b113f3758b27c34653c57df52eb2c3702d9451d7dce84918fceaf078c768a8981768d39cfca8f5c65796
  languageName: node
  linkType: hard

"@noir-lang/noir_js@npm:^0.31.0":
  version: 0.31.0
  resolution: "@noir-lang/noir_js@npm:0.31.0"
  dependencies:
    "@noir-lang/acvm_js": "npm:0.47.0"
    "@noir-lang/noirc_abi": "npm:0.31.0"
    "@noir-lang/types": "npm:0.31.0"
  checksum: 10c0/ee1b02a04ac1dc1b30d158378f548bd7de75a741bcc2e1350a7d869e787830aaac25ef66d8959ef46b5bf3930c424e75f77c49da1ddd7685566e17f35aed3030
  languageName: node
  linkType: hard

"@noir-lang/noirc_abi@npm:0.31.0":
  version: 0.31.0
  resolution: "@noir-lang/noirc_abi@npm:0.31.0"
  dependencies:
    "@noir-lang/types": "npm:0.31.0"
  checksum: 10c0/165eee0607dd5edab22f59737d250a90bdbbace24d3fa237dd9b12d76e1ef52b2f3f3dce4a300f14cab5b61f82ce1a1365bd51398d8792491869a97922b891a6
  languageName: node
  linkType: hard

"@noir-lang/types@npm:0.31.0":
  version: 0.31.0
  resolution: "@noir-lang/types@npm:0.31.0"
  checksum: 10c0/5e568af1f3845fd4bfd77e3a1ddaa5dbd4c5fdd747f483c888ff0244fc1acba614ea79109b39ce033bed40de8c49e1f5c9a6766a61d28c178641eff756cbe087
  languageName: node
  linkType: hard

"comlink@npm:^4.4.1":
  version: 4.4.1
  resolution: "comlink@npm:4.4.1"
  checksum: 10c0/a7a2004030768d13ec9373f780aa0edae57616095cb453ec8950d9f97e5fa654c0e84030ac87173b818843a04a5fa9ce9749d48b6bd453cfbfb5e6a9ebb6b2ff
  languageName: node
  linkType: hard

"commander@npm:^10.0.1":
  version: 10.0.1
  resolution: "commander@npm:10.0.1"
  checksum: 10c0/53f33d8927758a911094adadda4b2cbac111a5b377d8706700587650fd8f45b0bbe336de4b5c3fe47fd61f420a3d9bd452b6e0e6e5600a7e74d7bf0174f6efe3
  languageName: node
  linkType: hard

"debug@npm:^4.3.4":
  version: 4.3.6
  resolution: "debug@npm:4.3.6"
  dependencies:
    ms: "npm:2.1.2"
  peerDependenciesMeta:
    supports-color:
      optional: true
  checksum: 10c0/3293416bff072389c101697d4611c402a6bacd1900ac20c0492f61a9cdd6b3b29750fc7f5e299f8058469ef60ff8fb79b86395a30374fbd2490113c1c7112285
  languageName: node
  linkType: hard

"fflate@npm:^0.8.0":
  version: 0.8.2
  resolution: "fflate@npm:0.8.2"
  checksum: 10c0/03448d630c0a583abea594835a9fdb2aaf7d67787055a761515bf4ed862913cfd693b4c4ffd5c3f3b355a70cf1e19033e9ae5aedcca103188aaff91b8bd6e293
  languageName: node
  linkType: hard

"ms@npm:2.1.2":
  version: 2.1.2
  resolution: "ms@npm:2.1.2"
  checksum: 10c0/a437714e2f90dbf881b5191d35a6db792efbca5badf112f87b9e1c712aace4b4b9b742dd6537f3edf90fd6f684de897cec230abde57e87883766712ddda297cc
  languageName: node
  linkType: hard

"recursion@workspace:.":
  version: 0.0.0-use.local
  resolution: "recursion@workspace:."
  dependencies:
    "@noir-lang/backend_barretenberg": "npm:^0.31.0"
    "@noir-lang/noir_js": "npm:^0.31.0"
  languageName: unknown
  linkType: soft

"tslib@npm:^2.4.0":
  version: 2.7.0
  resolution: "tslib@npm:2.7.0"
  checksum: 10c0/469e1d5bf1af585742128827000711efa61010b699cb040ab1800bcd3ccdd37f63ec30642c9e07c4439c1db6e46345582614275daca3e0f4abae29b0083f04a6
  languageName: node
  linkType: hard
